hash: 8c05cd89b4c5a3e690dba584298195498c2f0a18bbc94c9b594c6f7b8d22b57a
updated: 2017-05-21T13:55:47.348216416+02:00
imports:
- name: github.com/casbin/casbin
  version: 4c5e512132396c7fb94ed273bee72694f58104e6
  subpackages:
  - config
  - model
  - persist
  - rbac
  - util
- name: github.com/go-sql-driver/mysql
  version: 382e13d099fcf5f5994290892ab258fbebbdc5e3
- name: github.com/Knetic/govaluate
  version: d216395917cc49052c7c7094cf57f09657ca08a8
testImports:
- name: github.com/davecgh/go-spew
  version: 04cdfd42973bb9c8589fd6a731800cf222fde1a9
  subpackages:
  - spew
- name: github.com/pmezard/go-difflib
  version: d8ed2627bdf02c080bf22230dbb337003b7aba2d
  subpackages:
  - difflib
- name: github.com/stretchr/testify
  version: 4d4bfba8f1d1027c4fdbe371823030df51419987
  subpackages:
  - assert
