hash: 8c05cd89b4c5a3e690dba584298195498c2f0a18bbc94c9b594c6f7b8d22b57a
updated: 2017-05-13T16:53:40.726510222+02:00
imports: []
testImports:
- name: github.com/davecgh/go-spew
  version: 346938d642f2ec3594ed81d874461961cd0faa76
  subpackages:
  - spew
- name: github.com/pmezard/go-difflib
  version: 792786c7400a136282c1664665ae0a8db921c6c2
  subpackages:
  - difflib
- name: github.com/stretchr/testify
  version: 4d4bfba8f1d1027c4fdbe371823030df51419987
  subpackages:
  - assert
